{
  "name": "logs_graph",
  "version": "1.0.0",
  "lockfileVersion": 1,
  "requires": true,
  "dependencies": {
    "alb-log-parser": {
      "version": "0.0.3",
      "resolved": "https://registry.npmjs.org/alb-log-parser/-/alb-log-parser-0.0.3.tgz",
      "integrity": "sha1-RTOqwNDQ/RE2ywZbwwrIIY2oA5g=",
      "requires": {
        "split": "^1.0.0"
      }
    },
    "browser-process-hrtime": {
      "version": "1.0.0",
      "resolved": "https://registry.npmjs.org/browser-process-hrtime/-/browser-process-hrtime-1.0.0.tgz",
      "integrity": "sha512-9o5UecI3GhkpM6DrXr69PblIuWxPKk9Y0jHBRhdocZ2y7YECBFCsHm79Pr3OyR2AvjhDkabFJaDJMYRazHgsow=="
    },
    "bson-objectid": {
      "version": "1.3.0",
      "resolved": "https://registry.npmjs.org/bson-objectid/-/bson-objectid-1.3.0.tgz",
      "integrity": "sha512-YcB+lRJEEEIcHNLKyhmHujW7OCVE3+xr9IpEhlprBZnXgF3hqeePeexIsAaOtu1SbkgZRlJVUxvYZ3ngUOyIew=="
    },
    "convert-hrtime": {
      "version": "3.0.0",
      "resolved": "https://registry.npmjs.org/convert-hrtime/-/convert-hrtime-3.0.0.tgz",
      "integrity": "sha512-7V+KqSvMiHp8yWDuwfww06XleMWVVB9b9tURBx+G7UTADuo5hYPuowKloz4OzOqbPezxgo+fdQ1522WzPG4OeA=="
    },
    "cookie": {
      "version": "0.4.0",
      "resolved": "https://registry.npmjs.org/cookie/-/cookie-0.4.0.tgz",
      "integrity": "sha512-+Hp8fLp57wnUSt0tY0tHEXh4voZRDnoIrZPqlo3DPiI4y9lwg/jqx+1Om94/W6ZaPDOUbnjOt/99w66zk+l1Xg=="
    },
    "credit-card-type": {
      "version": "8.3.0",
      "resolved": "https://registry.npmjs.org/credit-card-type/-/credit-card-type-8.3.0.tgz",
      "integrity": "sha512-czfZUpQ7W9CDxZL4yFLb1kFtM/q2lTOY975hL2aO+DC8+GRNDVSXVCHXhVFZPxiUKmQCZbFP8vIhxx5TBQaThw=="
    },
    "debug": {
      "version": "4.1.1",
      "resolved": "https://registry.npmjs.org/debug/-/debug-4.1.1.tgz",
      "integrity": "sha512-pYAIzeRo8J6KPEaJ0VWOh5Pzkbw/RetuzehGM7QRRX5he4fPHx2rdKMB256ehJCkX+XRQm16eZLqLNS8RSZXZw==",
      "requires": {
        "ms": "^2.1.1"
      }
    },
    "error-stack-parser": {
      "version": "2.0.6",
      "resolved": "https://registry.npmjs.org/error-stack-parser/-/error-stack-parser-2.0.6.tgz",
      "integrity": "sha512-d51brTeqC+BHlwF0BhPtcYgF5nlzf9ZZ0ZIUQNZpc9ZB9qw5IJ2diTrBY9jlCJkTLITYPjmiX6OWCwH+fuyNgQ==",
      "requires": {
        "stackframe": "^1.1.1"
      }
    },
    "fast-safe-stringify": {
      "version": "2.0.7",
      "resolved": "https://registry.npmjs.org/fast-safe-stringify/-/fast-safe-stringify-2.0.7.tgz",
      "integrity": "sha512-Utm6CdzT+6xsDk2m8S6uL8VHxNwI6Jub+e9NYTcAms28T84pTa25GJQV9j0CY0N1rM8hK4x6grpF2BQf+2qwVA=="
    },
    "http-headers": {
      "version": "3.0.2",
      "resolved": "https://registry.npmjs.org/http-headers/-/http-headers-3.0.2.tgz",
      "integrity": "sha512-87E1I+2Wg4dxxz4rcxElo3dxO/w1ZtgL1yA0Sb6vH3qU16vRKq1NjWQv9SCY3ly2OQROcoxHZOUpmelS+k6wOw==",
      "requires": {
        "next-line": "^1.1.0"
      }
    },
    "is-array-buffer": {
      "version": "1.0.1",
      "resolved": "https://registry.npmjs.org/is-array-buffer/-/is-array-buffer-1.0.1.tgz",
      "integrity": "sha512-lj035IqdAwsodoRGs9/8+Kn3HPoz9CTuZbcw63afugWonxigvUVeHY5d6Ve1O+s1N3RCk7txo2TIWQLbU0SuNA=="
    },
    "is-buffer": {
      "version": "2.0.4",
      "resolved": "https://registry.npmjs.org/is-buffer/-/is-buffer-2.0.4.tgz",
      "integrity": "sha512-Kq1rokWXOPXWuaMAqZiJW4XxsmD9zGx9q4aePabbn3qCRGedtH7Cm+zV8WETitMfu1wdh+Rvd6w5egwSngUX2A=="
    },
    "is-stream": {
      "version": "2.0.0",
      "resolved": "https://registry.npmjs.org/is-stream/-/is-stream-2.0.0.tgz",
      "integrity": "sha512-XCoy+WlUr7d1+Z8GgSuXmpuUFC9fOhRXglJMx+dwLKTkL44Cjd4W1Z5P+BQZpr+cR93aGP4S/s7Ftw6Nd/kiEw=="
    },
    "is-uuid": {
      "version": "1.0.2",
      "resolved": "https://registry.npmjs.org/is-uuid/-/is-uuid-1.0.2.tgz",
      "integrity": "sha1-rRiY3fFUlHwlyOVJZvSGBOnK7MQ="
    },
    "is-whitespace": {
      "version": "0.3.0",
      "resolved": "https://registry.npmjs.org/is-whitespace/-/is-whitespace-0.3.0.tgz",
      "integrity": "sha1-Fjnssb4DauxppUy7QBz77XEUq38="
    },
    "iserror": {
      "version": "0.0.2",
      "resolved": "https://registry.npmjs.org/iserror/-/iserror-0.0.2.tgz",
      "integrity": "sha1-vVNFH+L2aLnyQCwZZnh6qix8C/U="
    },
    "lodash": {
      "version": "4.17.15",
      "resolved": "https://registry.npmjs.org/lodash/-/lodash-4.17.15.tgz",
      "integrity": "sha512-8xOcRHvCjnocdS5cpwXQXVzmmh5e5+saE2QGoeQmbKmRS6J3VQppPOIt0MnmE+4xlZoumy0GPG0D0MVIQbNA1A=="
    },
    "lower-case": {
      "version": "1.1.4",
      "resolved": "https://registry.npmjs.org/lower-case/-/lower-case-1.1.4.tgz",
      "integrity": "sha1-miyr0bno4K6ZOkv31YdcOcQujqw="
    },
    "ms": {
      "version": "2.1.2",
      "resolved": "https://registry.npmjs.org/ms/-/ms-2.1.2.tgz",
      "integrity": "sha512-sGkPx+VjMtmA6MX27oA4FBFELFCZZ4S4XqeGOXCv68tT+jb3vk/RyaKWP0PTKyWtmLSM0b+adUTEvbs1PEaH2w=="
    },
    "next-line": {
      "version": "1.1.0",
      "resolved": "https://registry.npmjs.org/next-line/-/next-line-1.1.0.tgz",
      "integrity": "sha1-/K5XhTBStqm66CCOQN19PC0wRgM="
    },
    "no-case": {
      "version": "2.3.2",
      "resolved": "https://registry.npmjs.org/no-case/-/no-case-2.3.2.tgz",
      "integrity": "sha512-rmTZ9kz+f3rCvK2TD1Ue/oZlns7OGoIWP4fc3llxxRXlOkHKoWPPWJOfFYpITabSow43QJbRIoHQXtt10VldyQ==",
      "requires": {
        "lower-case": "^1.1.1"
      }
    },
    "parse-logs": {
      "version": "0.0.22",
      "resolved": "https://registry.npmjs.org/parse-logs/-/parse-logs-0.0.22.tgz",
      "integrity": "sha512-oK1DSnLsC4MsDs0PQ3J5fi4L0YDkJlxYHwaslPg/kFrtjMF3jkmakNvZ1U63cbtD+cDjaiJN/MgUUaCNR75AKg==",
      "requires": {
        "error-stack-parser": "^2.0.4",
        "is-whitespace": "^0.3.0",
        "iserror": "^0.0.2",
        "lodash": "^4.17.15",
        "parse-request": "^2.0.6",
        "prepare-stack-trace": "^0.0.4",
        "rfdc": "^1.1.4"
      }
    },
    "parse-request": {
      "version": "2.0.6",
      "resolved": "https://registry.npmjs.org/parse-request/-/parse-request-2.0.6.tgz",
      "integrity": "sha512-Fx0sKz3LlJOPMIHvrTkqe4n4aSDTnVEwe1lAIK+ouPv+S8Ldtod1NP7LxYjQFzw7btWO3rF+P7kYHCZusYD1zw==",
      "requires": {
        "browser-process-hrtime": "^1.0.0",
        "bson-objectid": "^1.3.0",
        "convert-hrtime": "^3.0.0",
        "cookie": "^0.4.0",
        "credit-card-type": "^8.3.0",
        "debug": "^4.1.1",
        "fast-safe-stringify": "^2.0.7",
        "http-headers": "^3.0.2",
        "is-array-buffer": "^1.0.1",
        "is-buffer": "^2.0.4",
        "is-stream": "^2.0.0",
        "is-uuid": "^1.0.2",
        "ms": "^2.1.2",
        "no-case": "2.3.2",
        "rfdc": "^1.1.4",
        "sensitive-fields": "^0.0.7",
        "url-parse": "^1.4.7"
      }
    },
    "percentile": {
      "version": "1.2.3",
      "resolved": "https://registry.npmjs.org/percentile/-/percentile-1.2.3.tgz",
      "integrity": "sha512-vlp+oYo6vCv1GyutenKiU63i9UihrDzrj4PLIGThL9iC2Dy7nhxLeXJQX3HwGKHPP3IBrSZWHfDjZYmUOl6KVA=="
    },
    "prepare-stack-trace": {
      "version": "0.0.4",
      "resolved": "https://registry.npmjs.org/prepare-stack-trace/-/prepare-stack-trace-0.0.4.tgz",
      "integrity": "sha512-2JWEgniafYjqIIssn/1bI0Cuhu18oxk9bcWVkcyq19oXareYqdUZgMi9hfa03VcjCj/G4W/heupia8GHA0Pd8w=="
    },
    "querystringify": {
      "version": "2.1.1",
      "resolved": "https://registry.npmjs.org/querystringify/-/querystringify-2.1.1.tgz",
      "integrity": "sha512-w7fLxIRCRT7U8Qu53jQnJyPkYZIaR4n5151KMfcJlO/A9397Wxb1amJvROTK6TOnp7PfoAmg/qXiNHI+08jRfA=="
    },
    "requires-port": {
      "version": "1.0.0",
      "resolved": "https://registry.npmjs.org/requires-port/-/requires-port-1.0.0.tgz",
      "integrity": "sha1-kl0mAdOaxIXgkc8NpcbmlNw9yv8="
    },
    "rfdc": {
      "version": "1.1.4",
      "resolved": "https://registry.npmjs.org/rfdc/-/rfdc-1.1.4.tgz",
      "integrity": "sha512-5C9HXdzK8EAqN7JDif30jqsBzavB7wLpaubisuQIGHWf2gUXSpzy6ArX/+Da8RjFpagWsCn+pIgxTMAmKw9Zug=="
    },
    "sensitive-fields": {
      "version": "0.0.7",
      "resolved": "https://registry.npmjs.org/sensitive-fields/-/sensitive-fields-0.0.7.tgz",
      "integrity": "sha512-iwo05WQQ4FX5jts0V5X2yNdQa8IgFJ5hDiQn7QdlLdlNlt/t2jvcJ5XnnTJUqYUgiNkIu/rMLpNOIfu29fWQeA=="
    },
    "split": {
      "version": "1.0.1",
      "resolved": "https://registry.npmjs.org/split/-/split-1.0.1.tgz",
      "integrity": "sha512-mTyOoPbrivtXnwnIxZRFYRrPNtEFKlpB2fvjSnCQUiAA6qAZzqwna5envK4uk6OIeP17CsdF3rSBGYVBsU0Tkg==",
      "requires": {
        "through": "2"
      }
    },
    "stackframe": {
      "version": "1.1.1",
      "resolved": "https://registry.npmjs.org/stackframe/-/stackframe-1.1.1.tgz",
      "integrity": "sha512-0PlYhdKh6AfFxRyK/v+6/k+/mMfyiEBbTM5L94D0ZytQnJ166wuwoTYLHFWGbs2dpA8Rgq763KGWmN1EQEYHRQ=="
    },
    "through": {
      "version": "2.3.8",
      "resolved": "https://registry.npmjs.org/through/-/through-2.3.8.tgz",
      "integrity": "sha1-DdTJ/6q8NXlgsbckEV1+Doai4fU="
    },
    "url-parse": {
      "version": "1.4.7",
      "resolved": "https://registry.npmjs.org/url-parse/-/url-parse-1.4.7.tgz",
      "integrity": "sha512-d3uaVyzDB9tQoSXFvuSUNFibTd9zxd2bkVrDRvF5TmvWWQwqE4lgYJ5m+x1DbecWkw+LK4RNl2CU1hHuOKPVlg==",
      "requires": {
        "querystringify": "^2.1.1",
        "requires-port": "^1.0.0"
      }
    }
  }
}
